
Microsoft Visual Studio Solution File, Format Version 12.00
# Visual Studio Version 17
VisualStudioVersion = 17.7.34024.191
MinimumVisualStudioVersion = 10.0.40219.1
Project("{8BC9CEB8-8B4A-11D0-8D11-00A0C91BC942}") = "FrestConsoleApplication", "FrestConsoleApplication\FrestConsoleApplication.vcxproj", "{112F0E4F-0AB9-45F7-BEA0-E0FB9762B45E}"
EndProject
Project("{8BC9CEB8-8B4A-11D0-8D11-00A0C91BC942}") = "VariableConsoleApplication", "VariableConsoleApplication\VariableConsoleApplication.vcxproj", "{DC1CA54E-9138-4BDE-BDEC-010EB18DF65D}"
EndProject
Project("{2150E333-8FDC-42A3-9474-1A3956D46DE8}") = "01.Podstawy", "01.Podstawy", "{05CDD238-989E-4867-961F-3304432D1391}"
EndProject
Project("{2150E333-8FDC-42A3-9474-1A3956D46DE8}") = "02.Instrukcje decyzyjne", "02.Instrukcje decyzyjne", "{0869C024-F219-489F-BBBD-5B0189A3D09E}"
EndProject
Project("{8BC9CEB8-8B4A-11D0-8D11-00A0C91BC942}") = "InstructionIfConsoleApplication", "InstructionIfConsoleApplication\InstructionIfConsoleApplication.vcxproj", "{4D2A79C5-94C4-4FF1-9709-69608CC70E06}"
EndProject
Project("{8BC9CEB8-8B4A-11D0-8D11-00A0C91BC942}") = "LoopDoWhileConsoleApplication", "LoopDoWhileConsoleApplication\LoopDoWhileConsoleApplication.vcxproj", "{89D9E337-C86B-4454-A549-16189E2FC85F}"
EndProject
Project("{8BC9CEB8-8B4A-11D0-8D11-00A0C91BC942}") = "LoopWhileConsoleApplication1", "LoopWhileConsoleApplication1\LoopWhileConsoleApplication1.vcxproj", "{80ECF621-47CC-416A-8EE4-C2CE198132E9}"
EndProject
Project("{8BC9CEB8-8B4A-11D0-8D11-00A0C91BC942}") = "LoopForConsoleApplication1", "LoopForConsoleApplication1\LoopForConsoleApplication1.vcxproj", "{6195F6C7-25E2-45BF-B35F-015B1A7DF938}"
EndProject
Project("{2150E333-8FDC-42A3-9474-1A3956D46DE8}") = "03.Kolekcje", "03.Kolekcje", "{5AD7F602-049D-40CD-ABF1-17F592563097}"
EndProject
Project("{8BC9CEB8-8B4A-11D0-8D11-00A0C91BC942}") = "CharactersConsoleApplication", "CharactersConsoleApplication\CharactersConsoleApplication.vcxproj", "{9B33AEE6-78E9-46EB-AC7A-70BD902F2343}"
EndProject
Project("{8BC9CEB8-8B4A-11D0-8D11-00A0C91BC942}") = "ArrayConsoleApplication", "ArrayConsoleApplication\ArrayConsoleApplication.vcxproj", "{C2079D7E-3763-47FF-9B1C-6462B2D1BB5D}"
EndProject
Project("{2150E333-8FDC-42A3-9474-1A3956D46DE8}") = "04. Funkcje", "04. Funkcje", "{BB50E292-43EF-4247-9E46-E31F5A7A6600}"
EndProject
Project("{8BC9CEB8-8B4A-11D0-8D11-00A0C91BC942}") = "functionConsoleApplication", "functionConsoleApplication\functionConsoleApplication.vcxproj", "{7E73FCD3-313F-4FF6-81DD-35E3BF159B63}"
EndProject
Global
	GlobalSection(SolutionConfigurationPlatforms) = preSolution
		Debug|x64 = Debug|x64
		Debug|x86 = Debug|x86
		Release|x64 = Release|x64
		Release|x86 = Release|x86
	EndGlobalSection
	GlobalSection(ProjectConfigurationPlatforms) = postSolution
		{112F0E4F-0AB9-45F7-BEA0-E0FB9762B45E}.Debug|x64.ActiveCfg = Debug|x64
		{112F0E4F-0AB9-45F7-BEA0-E0FB9762B45E}.Debug|x64.Build.0 = Debug|x64
		{112F0E4F-0AB9-45F7-BEA0-E0FB9762B45E}.Debug|x86.ActiveCfg = Debug|Win32
		{112F0E4F-0AB9-45F7-BEA0-E0FB9762B45E}.Debug|x86.Build.0 = Debug|Win32
		{112F0E4F-0AB9-45F7-BEA0-E0FB9762B45E}.Release|x64.ActiveCfg = Release|x64
		{112F0E4F-0AB9-45F7-BEA0-E0FB9762B45E}.Release|x64.Build.0 = Release|x64
		{112F0E4F-0AB9-45F7-BEA0-E0FB9762B45E}.Release|x86.ActiveCfg = Release|Win32
		{112F0E4F-0AB9-45F7-BEA0-E0FB9762B45E}.Release|x86.Build.0 = Release|Win32
		{DC1CA54E-9138-4BDE-BDEC-010EB18DF65D}.Debug|x64.ActiveCfg = Debug|x64
		{DC1CA54E-9138-4BDE-BDEC-010EB18DF65D}.Debug|x64.Build.0 = Debug|x64
		{DC1CA54E-9138-4BDE-BDEC-010EB18DF65D}.Debug|x86.ActiveCfg = Debug|Win32
		{DC1CA54E-9138-4BDE-BDEC-010EB18DF65D}.Debug|x86.Build.0 = Debug|Win32
		{DC1CA54E-9138-4BDE-BDEC-010EB18DF65D}.Release|x64.ActiveCfg = Release|x64
		{DC1CA54E-9138-4BDE-BDEC-010EB18DF65D}.Release|x64.Build.0 = Release|x64
		{DC1CA54E-9138-4BDE-BDEC-010EB18DF65D}.Release|x86.ActiveCfg = Release|Win32
		{DC1CA54E-9138-4BDE-BDEC-010EB18DF65D}.Release|x86.Build.0 = Release|Win32
		{4D2A79C5-94C4-4FF1-9709-69608CC70E06}.Debug|x64.ActiveCfg = Debug|x64
		{4D2A79C5-94C4-4FF1-9709-69608CC70E06}.Debug|x64.Build.0 = Debug|x64
		{4D2A79C5-94C4-4FF1-9709-69608CC70E06}.Debug|x86.ActiveCfg = Debug|Win32
		{4D2A79C5-94C4-4FF1-9709-69608CC70E06}.Debug|x86.Build.0 = Debug|Win32
		{4D2A79C5-94C4-4FF1-9709-69608CC70E06}.Release|x64.ActiveCfg = Release|x64
		{4D2A79C5-94C4-4FF1-9709-69608CC70E06}.Release|x64.Build.0 = Release|x64
		{4D2A79C5-94C4-4FF1-9709-69608CC70E06}.Release|x86.ActiveCfg = Release|Win32
		{4D2A79C5-94C4-4FF1-9709-69608CC70E06}.Release|x86.Build.0 = Release|Win32
		{89D9E337-C86B-4454-A549-16189E2FC85F}.Debug|x64.ActiveCfg = Debug|x64
		{89D9E337-C86B-4454-A549-16189E2FC85F}.Debug|x64.Build.0 = Debug|x64
		{89D9E337-C86B-4454-A549-16189E2FC85F}.Debug|x86.ActiveCfg = Debug|Win32
		{89D9E337-C86B-4454-A549-16189E2FC85F}.Debug|x86.Build.0 = Debug|Win32
		{89D9E337-C86B-4454-A549-16189E2FC85F}.Release|x64.ActiveCfg = Release|x64
		{89D9E337-C86B-4454-A549-16189E2FC85F}.Release|x64.Build.0 = Release|x64
		{89D9E337-C86B-4454-A549-16189E2FC85F}.Release|x86.ActiveCfg = Release|Win32
		{89D9E337-C86B-4454-A549-16189E2FC85F}.Release|x86.Build.0 = Release|Win32
		{80ECF621-47CC-416A-8EE4-C2CE198132E9}.Debug|x64.ActiveCfg = Debug|x64
		{80ECF621-47CC-416A-8EE4-C2CE198132E9}.Debug|x64.Build.0 = Debug|x64
		{80ECF621-47CC-416A-8EE4-C2CE198132E9}.Debug|x86.ActiveCfg = Debug|Win32
		{80ECF621-47CC-416A-8EE4-C2CE198132E9}.Debug|x86.Build.0 = Debug|Win32
		{80ECF621-47CC-416A-8EE4-C2CE198132E9}.Release|x64.ActiveCfg = Release|x64
		{80ECF621-47CC-416A-8EE4-C2CE198132E9}.Release|x64.Build.0 = Release|x64
		{80ECF621-47CC-416A-8EE4-C2CE198132E9}.Release|x86.ActiveCfg = Release|Win32
		{80ECF621-47CC-416A-8EE4-C2CE198132E9}.Release|x86.Build.0 = Release|Win32
		{6195F6C7-25E2-45BF-B35F-015B1A7DF938}.Debug|x64.ActiveCfg = Debug|x64
		{6195F6C7-25E2-45BF-B35F-015B1A7DF938}.Debug|x64.Build.0 = Debug|x64
		{6195F6C7-25E2-45BF-B35F-015B1A7DF938}.Debug|x86.ActiveCfg = Debug|Win32
		{6195F6C7-25E2-45BF-B35F-015B1A7DF938}.Debug|x86.Build.0 = Debug|Win32
		{6195F6C7-25E2-45BF-B35F-015B1A7DF938}.Release|x64.ActiveCfg = Release|x64
		{6195F6C7-25E2-45BF-B35F-015B1A7DF938}.Release|x64.Build.0 = Release|x64
		{6195F6C7-25E2-45BF-B35F-015B1A7DF938}.Release|x86.ActiveCfg = Release|Win32
		{6195F6C7-25E2-45BF-B35F-015B1A7DF938}.Release|x86.Build.0 = Release|Win32
		{9B33AEE6-78E9-46EB-AC7A-70BD902F2343}.Debug|x64.ActiveCfg = Debug|x64
		{9B33AEE6-78E9-46EB-AC7A-70BD902F2343}.Debug|x64.Build.0 = Debug|x64
		{9B33AEE6-78E9-46EB-AC7A-70BD902F2343}.Debug|x86.ActiveCfg = Debug|Win32
		{9B33AEE6-78E9-46EB-AC7A-70BD902F2343}.Debug|x86.Build.0 = Debug|Win32
		{9B33AEE6-78E9-46EB-AC7A-70BD902F2343}.Release|x64.ActiveCfg = Release|x64
		{9B33AEE6-78E9-46EB-AC7A-70BD902F2343}.Release|x64.Build.0 = Release|x64
		{9B33AEE6-78E9-46EB-AC7A-70BD902F2343}.Release|x86.ActiveCfg = Release|Win32
		{9B33AEE6-78E9-46EB-AC7A-70BD902F2343}.Release|x86.Build.0 = Release|Win32
		{C2079D7E-3763-47FF-9B1C-6462B2D1BB5D}.Debug|x64.ActiveCfg = Debug|x64
		{C2079D7E-3763-47FF-9B1C-6462B2D1BB5D}.Debug|x64.Build.0 = Debug|x64
		{C2079D7E-3763-47FF-9B1C-6462B2D1BB5D}.Debug|x86.ActiveCfg = Debug|Win32
		{C2079D7E-3763-47FF-9B1C-6462B2D1BB5D}.Debug|x86.Build.0 = Debug|Win32
		{C2079D7E-3763-47FF-9B1C-6462B2D1BB5D}.Release|x64.ActiveCfg = Release|x64
		{C2079D7E-3763-47FF-9B1C-6462B2D1BB5D}.Release|x64.Build.0 = Release|x64
		{C2079D7E-3763-47FF-9B1C-6462B2D1BB5D}.Release|x86.ActiveCfg = Release|Win32
		{C2079D7E-3763-47FF-9B1C-6462B2D1BB5D}.Release|x86.Build.0 = Release|Win32
		{7E73FCD3-313F-4FF6-81DD-35E3BF159B63}.Debug|x64.ActiveCfg = Debug|x64
		{7E73FCD3-313F-4FF6-81DD-35E3BF159B63}.Debug|x64.Build.0 = Debug|x64
		{7E73FCD3-313F-4FF6-81DD-35E3BF159B63}.Debug|x86.ActiveCfg = Debug|Win32
		{7E73FCD3-313F-4FF6-81DD-35E3BF159B63}.Debug|x86.Build.0 = Debug|Win32
		{7E73FCD3-313F-4FF6-81DD-35E3BF159B63}.Release|x64.ActiveCfg = Release|x64
		{7E73FCD3-313F-4FF6-81DD-35E3BF159B63}.Release|x64.Build.0 = Release|x64
		{7E73FCD3-313F-4FF6-81DD-35E3BF159B63}.Release|x86.ActiveCfg = Release|Win32
		{7E73FCD3-313F-4FF6-81DD-35E3BF159B63}.Release|x86.Build.0 = Release|Win32
	EndGlobalSection
	GlobalSection(SolutionProperties) = preSolution
		HideSolutionNode = FALSE
	EndGlobalSection
	GlobalSection(NestedProjects) = preSolution
		{112F0E4F-0AB9-45F7-BEA0-E0FB9762B45E} = {05CDD238-989E-4867-961F-3304432D1391}
		{DC1CA54E-9138-4BDE-BDEC-010EB18DF65D} = {05CDD238-989E-4867-961F-3304432D1391}
		{4D2A79C5-94C4-4FF1-9709-69608CC70E06} = {0869C024-F219-489F-BBBD-5B0189A3D09E}
		{89D9E337-C86B-4454-A549-16189E2FC85F} = {0869C024-F219-489F-BBBD-5B0189A3D09E}
		{80ECF621-47CC-416A-8EE4-C2CE198132E9} = {0869C024-F219-489F-BBBD-5B0189A3D09E}
		{6195F6C7-25E2-45BF-B35F-015B1A7DF938} = {0869C024-F219-489F-BBBD-5B0189A3D09E}
		{9B33AEE6-78E9-46EB-AC7A-70BD902F2343} = {5AD7F602-049D-40CD-ABF1-17F592563097}
		{C2079D7E-3763-47FF-9B1C-6462B2D1BB5D} = {5AD7F602-049D-40CD-ABF1-17F592563097}
		{7E73FCD3-313F-4FF6-81DD-35E3BF159B63} = {BB50E292-43EF-4247-9E46-E31F5A7A6600}
	EndGlobalSection
	GlobalSection(ExtensibilityGlobals) = postSolution
		SolutionGuid = {BFFC169A-C1FA-42E0-95B0-A293D1F95573}
	EndGlobalSection
EndGlobal
