
Microsoft Visual Studio Solution File, Format Version 12.00
# Visual Studio Version 17
VisualStudioVersion = 17.7.34024.191
MinimumVisualStudioVersion = 10.0.40219.1
Project("{8BC9CEB8-8B4A-11D0-8D11-00A0C91BC942}") = "FrestConsoleApplication", "FrestConsoleApplication\FrestConsoleApplication.vcxproj", "{112F0E4F-0AB9-45F7-BEA0-E0FB9762B45E}"
EndProject
Project("{8BC9CEB8-8B4A-11D0-8D11-00A0C91BC942}") = "VariableConsoleApplication", "VariableConsoleApplication\VariableConsoleApplication.vcxproj", "{DC1CA54E-9138-4BDE-BDEC-010EB18DF65D}"
EndProject
Project("{2150E333-8FDC-42A3-9474-1A3956D46DE8}") = "01.Podstawy", "01.Podstawy", "{05CDD238-989E-4867-961F-3304432D1391}"
EndProject
Project("{2150E333-8FDC-42A3-9474-1A3956D46DE8}") = "02.Instrukcje decyzyjne", "02.Instrukcje decyzyjne", "{0869C024-F219-489F-BBBD-5B0189A3D09E}"
EndProject
Project("{8BC9CEB8-8B4A-11D0-8D11-00A0C91BC942}") = "InstructionIfConsoleApplication", "InstructionIfConsoleApplication\InstructionIfConsoleApplication.vcxproj", "{4D2A79C5-94C4-4FF1-9709-69608CC70E06}"
EndProject
Project("{8BC9CEB8-8B4A-11D0-8D11-00A0C91BC942}") = "LoopDoWhileConsoleApplication", "LoopDoWhileConsoleApplication\LoopDoWhileConsoleApplication.vcxproj", "{89D9E337-C86B-4454-A549-16189E2FC85F}"
EndProject
Project("{8BC9CEB8-8B4A-11D0-8D11-00A0C91BC942}") = "LoopWhileConsoleApplication1", "LoopWhileConsoleApplication1\LoopWhileConsoleApplication1.vcxproj", "{80ECF621-47CC-416A-8EE4-C2CE198132E9}"
EndProject
Project("{8BC9CEB8-8B4A-11D0-8D11-00A0C91BC942}") = "LoopForConsoleApplication1", "LoopForConsoleApplication1\LoopForConsoleApplication1.vcxproj", "{6195F6C7-25E2-45BF-B35F-015B1A7DF938}"
EndProject
Project("{2150E333-8FDC-42A3-9474-1A3956D46DE8}") = "03.Kolekcje", "03.Kolekcje", "{5AD7F602-049D-40CD-ABF1-17F592563097}"
EndProject
Project("{8BC9CEB8-8B4A-11D0-8D11-00A0C91BC942}") = "CharactersConsoleApplication", "CharactersConsoleApplication\CharactersConsoleApplication.vcxproj", "{9B33AEE6-78E9-46EB-AC7A-70BD902F2343}"
EndProject
Project("{8BC9CEB8-8B4A-11D0-8D11-00A0C91BC942}") = "ArrayConsoleApplication", "ArrayConsoleApplication\ArrayConsoleApplication.vcxproj", "{C2079D7E-3763-47FF-9B1C-6462B2D1BB5D}"
EndProject
Project("{2150E333-8FDC-42A3-9474-1A3956D46DE8}") = "04. Funkcje", "04. Funkcje", "{BB50E292-43EF-4247-9E46-E31F5A7A6600}"
EndProject
Project("{8BC9CEB8-8B4A-11D0-8D11-00A0C91BC942}") = "functionConsoleApplication", "functionConsoleApplication\functionConsoleApplication.vcxproj", "{7E73FCD3-313F-4FF6-81DD-35E3BF159B63}"
EndProject
Project("{8BC9CEB8-8B4A-11D0-8D11-00A0C91BC942}") = "TicTacToeConsoleApplication", "TicTacToeConsoleApplication\TicTacToeConsoleApplication.vcxproj", "{E4975FB3-40F8-4F82-9E40-7A484F475476}"
EndProject
Project("{2150E333-8FDC-42A3-9474-1A3956D46DE8}") = "05. Wskaźniki", "05. Wskaźniki", "{514C5D1F-F79E-4F4D-BDC6-94FE323D7E66}"
EndProject
Project("{8BC9CEB8-8B4A-11D0-8D11-00A0C91BC942}") = "PointersConsoleApplication", "PointersConsoleApplication\PointersConsoleApplication.vcxproj", "{7BE2FEDF-83DC-4C38-B64B-5D69E07BFF8F}"
EndProject
Project("{2150E333-8FDC-42A3-9474-1A3956D46DE8}") = "06. Zadania", "06. Zadania", "{B77D6FA5-D0E8-4091-A223-C33700CB8F1A}"
EndProject
Project("{8BC9CEB8-8B4A-11D0-8D11-00A0C91BC942}") = "TasksConsoleApplication", "TasksConsoleApplication\TasksConsoleApplication.vcxproj", "{1770C79E-2EB7-44EE-B707-171991629E0A}"
EndProject
Project("{8BC9CEB8-8B4A-11D0-8D11-00A0C91BC942}") = "SnakeConsoleApplication", "SnakeConsoleApplication\SnakeConsoleApplication.vcxproj", "{6D6BF69D-0F07-4E37-82F6-170F2A91A53F}"
EndProject
Project("{8BC9CEB8-8B4A-11D0-8D11-00A0C91BC942}") = "TaskConsoleApplication", "TaskConsoleApplication\TaskConsoleApplication.vcxproj", "{09CF8C9C-D132-4143-B3D9-494B00080AAA}"
EndProject
Project("{8BC9CEB8-8B4A-11D0-8D11-00A0C91BC942}") = "DrawasquarConsoleApplication", "DrawasquarConsoleApplication\DrawasquarConsoleApplication.vcxproj", "{5F3B3A41-DB3E-426C-91C0-79E0B5FFD28C}"
EndProject
Project("{2150E333-8FDC-42A3-9474-1A3956D46DE8}") = "Strukturalne", "Strukturalne", "{3B80D749-1F30-468E-A5D1-637FAA1E9919}"
EndProject
Project("{2150E333-8FDC-42A3-9474-1A3956D46DE8}") = "Obiektowe", "Obiektowe", "{0470C656-BEBB-4107-94FD-47E0238BE5D4}"
EndProject
Project("{8BC9CEB8-8B4A-11D0-8D11-00A0C91BC942}") = "FirstStructConsoleApplication", "FirstStructConsoleApplication\FirstStructConsoleApplication.vcxproj", "{B224376A-92DD-4F98-ADB6-8CA2AE3BBB15}"
EndProject
Project("{2150E333-8FDC-42A3-9474-1A3956D46DE8}") = "01.Struktury", "01.Struktury", "{7F31EFEE-89F3-4A65-BD8A-20D26AFFD464}"
EndProject
Project("{2150E333-8FDC-42A3-9474-1A3956D46DE8}") = "Podstawy obiektowe", "Podstawy obiektowe", "{A9241C67-565D-4BE9-B6CD-9E6341188ECB}"
EndProject
Project("{8BC9CEB8-8B4A-11D0-8D11-00A0C91BC942}") = "FirstObjectConsoleApplication", "FirstObjectConsoleApplication\FirstObjectConsoleApplication.vcxproj", "{47760845-093F-4D63-8B36-E2C182703A02}"
EndProject
Project("{8BC9CEB8-8B4A-11D0-8D11-00A0C91BC942}") = "ReadAndWriteInFilesConsoleApplication", "ReadAndWriteInFilesConsoleApplication\ReadAndWriteInFilesConsoleApplication.vcxproj", "{D6F4BD06-3B4F-4B9E-9ADC-F4CB44D685C4}"
EndProject
Project("{8BC9CEB8-8B4A-11D0-8D11-00A0C91BC942}") = "StringConsoleApplication", "StringConsoleApplication\StringConsoleApplication.vcxproj", "{412640B6-BD12-4A38-B79F-3EABB9D53588}"
EndProject
Project("{8BC9CEB8-8B4A-11D0-8D11-00A0C91BC942}") = "InheritanceConsoleApplication", "InheritanceConsoleApplication\InheritanceConsoleApplication.vcxproj", "{B76DD9AC-3F21-47DA-8B6A-15BC0D3A545E}"
EndProject
Project("{8BC9CEB8-8B4A-11D0-8D11-00A0C91BC942}") = "TaskFigureConsoleApplication", "TaskFigureConsoleApplication\TaskFigureConsoleApplication.vcxproj", "{B49DF854-33FC-4CA7-A744-3ABE42D9D83A}"
EndProject
Project("{2150E333-8FDC-42A3-9474-1A3956D46DE8}") = "Matura", "Matura", "{A61D20F2-0D13-4DAC-9379-01EA8B442A66}"
EndProject
Project("{8BC9CEB8-8B4A-11D0-8D11-00A0C91BC942}") = "Matura2022maj.cpp", "Matura2022maj.cpp\Matura2022maj.cpp.vcxproj", "{4B112C93-CA8C-445B-97D0-FCB9A26C2319}"
EndProject
Project("{8BC9CEB8-8B4A-11D0-8D11-00A0C91BC942}") = "Matura2022czerwiec", "Matura2022czerwiec\Matura2022czerwiec.vcxproj", "{32BB904C-6A63-425B-A3D9-5036E2955C86}"
EndProject
Project("{2150E333-8FDC-42A3-9474-1A3956D46DE8}") = "C#", "C#", "{02EA681E-C7D8-13C7-8484-4AC65E1B71E8}"
EndProject
Project("{FAE04EC0-301F-11D3-BF4B-00C04F79EFBC}") = "firstConsoleApp", "firstConsoleApp\firstConsoleApp.csproj", "{E8A3B15A-D999-4F45-93FA-95869A81C7D1}"
EndProject
Project("{FAE04EC0-301F-11D3-BF4B-00C04F79EFBC}") = "ObjectConsoleApp", "Program\ObjectConsoleApp.csproj", "{F815FD62-FC97-4C9D-B7D0-7C5F66F19EC3}"
EndProject
Project("{FAE04EC0-301F-11D3-BF4B-00C04F79EFBC}") = "AboutObjectConsoleApp", "AboutObjectConsoleApp\AboutObjectConsoleApp.csproj", "{406F3C4A-F191-4E6F-B37F-0BA4E6DAABAD}"
EndProject
Project("{FAE04EC0-301F-11D3-BF4B-00C04F79EFBC}") = "ErrorsConsoleApp", "ErrorsConsoleApp\ErrorsConsoleApp.csproj", "{7B08192E-854C-42E3-B1FF-408F4EF4F93A}"
EndProject
Project("{FAE04EC0-301F-11D3-BF4B-00C04F79EFBC}") = "ParticalTasksConsoleApp", "ParticalTasksConsoleApp\ParticalTasksConsoleApp.csproj", "{4E0CA89E-5F07-4B9D-8785-0D669578B85B}"
EndProject
Project("{FAE04EC0-301F-11D3-BF4B-00C04F79EFBC}") = "GenericTypesConsoleApp", "GenericTypesConsoleApp\GenericTypesConsoleApp.csproj", "{439265C7-4116-45D5-A10B-A2736252BBA1}"
EndProject
Project("{FAE04EC0-301F-11D3-BF4B-00C04F79EFBC}") = "PolymorphismConsoleApp", "PolymorphismConsoleApp\PolymorphismConsoleApp.csproj", "{66066A11-0CE4-4623-8187-09B2C08BCE89}"
EndProject
Global
	GlobalSection(SolutionConfigurationPlatforms) = preSolution
		Debug|Any CPU = Debug|Any CPU
		Debug|x64 = Debug|x64
		Debug|x86 = Debug|x86
		Release|Any CPU = Release|Any CPU
		Release|x64 = Release|x64
		Release|x86 = Release|x86
	EndGlobalSection
	GlobalSection(ProjectConfigurationPlatforms) = postSolution
		{112F0E4F-0AB9-45F7-BEA0-E0FB9762B45E}.Debug|Any CPU.ActiveCfg = Debug|x64
		{112F0E4F-0AB9-45F7-BEA0-E0FB9762B45E}.Debug|Any CPU.Build.0 = Debug|x64
		{112F0E4F-0AB9-45F7-BEA0-E0FB9762B45E}.Debug|x64.ActiveCfg = Debug|x64
		{112F0E4F-0AB9-45F7-BEA0-E0FB9762B45E}.Debug|x64.Build.0 = Debug|x64
		{112F0E4F-0AB9-45F7-BEA0-E0FB9762B45E}.Debug|x86.ActiveCfg = Debug|Win32
		{112F0E4F-0AB9-45F7-BEA0-E0FB9762B45E}.Debug|x86.Build.0 = Debug|Win32
		{112F0E4F-0AB9-45F7-BEA0-E0FB9762B45E}.Release|Any CPU.ActiveCfg = Release|x64
		{112F0E4F-0AB9-45F7-BEA0-E0FB9762B45E}.Release|Any CPU.Build.0 = Release|x64
		{112F0E4F-0AB9-45F7-BEA0-E0FB9762B45E}.Release|x64.ActiveCfg = Release|x64
		{112F0E4F-0AB9-45F7-BEA0-E0FB9762B45E}.Release|x64.Build.0 = Release|x64
		{112F0E4F-0AB9-45F7-BEA0-E0FB9762B45E}.Release|x86.ActiveCfg = Release|Win32
		{112F0E4F-0AB9-45F7-BEA0-E0FB9762B45E}.Release|x86.Build.0 = Release|Win32
		{DC1CA54E-9138-4BDE-BDEC-010EB18DF65D}.Debug|Any CPU.ActiveCfg = Debug|x64
		{DC1CA54E-9138-4BDE-BDEC-010EB18DF65D}.Debug|Any CPU.Build.0 = Debug|x64
		{DC1CA54E-9138-4BDE-BDEC-010EB18DF65D}.Debug|x64.ActiveCfg = Debug|x64
		{DC1CA54E-9138-4BDE-BDEC-010EB18DF65D}.Debug|x64.Build.0 = Debug|x64
		{DC1CA54E-9138-4BDE-BDEC-010EB18DF65D}.Debug|x86.ActiveCfg = Debug|Win32
		{DC1CA54E-9138-4BDE-BDEC-010EB18DF65D}.Debug|x86.Build.0 = Debug|Win32
		{DC1CA54E-9138-4BDE-BDEC-010EB18DF65D}.Release|Any CPU.ActiveCfg = Release|x64
		{DC1CA54E-9138-4BDE-BDEC-010EB18DF65D}.Release|Any CPU.Build.0 = Release|x64
		{DC1CA54E-9138-4BDE-BDEC-010EB18DF65D}.Release|x64.ActiveCfg = Release|x64
		{DC1CA54E-9138-4BDE-BDEC-010EB18DF65D}.Release|x64.Build.0 = Release|x64
		{DC1CA54E-9138-4BDE-BDEC-010EB18DF65D}.Release|x86.ActiveCfg = Release|Win32
		{DC1CA54E-9138-4BDE-BDEC-010EB18DF65D}.Release|x86.Build.0 = Release|Win32
		{4D2A79C5-94C4-4FF1-9709-69608CC70E06}.Debug|Any CPU.ActiveCfg = Debug|x64
		{4D2A79C5-94C4-4FF1-9709-69608CC70E06}.Debug|Any CPU.Build.0 = Debug|x64
		{4D2A79C5-94C4-4FF1-9709-69608CC70E06}.Debug|x64.ActiveCfg = Debug|x64
		{4D2A79C5-94C4-4FF1-9709-69608CC70E06}.Debug|x64.Build.0 = Debug|x64
		{4D2A79C5-94C4-4FF1-9709-69608CC70E06}.Debug|x86.ActiveCfg = Debug|Win32
		{4D2A79C5-94C4-4FF1-9709-69608CC70E06}.Debug|x86.Build.0 = Debug|Win32
		{4D2A79C5-94C4-4FF1-9709-69608CC70E06}.Release|Any CPU.ActiveCfg = Release|x64
		{4D2A79C5-94C4-4FF1-9709-69608CC70E06}.Release|Any CPU.Build.0 = Release|x64
		{4D2A79C5-94C4-4FF1-9709-69608CC70E06}.Release|x64.ActiveCfg = Release|x64
		{4D2A79C5-94C4-4FF1-9709-69608CC70E06}.Release|x64.Build.0 = Release|x64
		{4D2A79C5-94C4-4FF1-9709-69608CC70E06}.Release|x86.ActiveCfg = Release|Win32
		{4D2A79C5-94C4-4FF1-9709-69608CC70E06}.Release|x86.Build.0 = Release|Win32
		{89D9E337-C86B-4454-A549-16189E2FC85F}.Debug|Any CPU.ActiveCfg = Debug|x64
		{89D9E337-C86B-4454-A549-16189E2FC85F}.Debug|Any CPU.Build.0 = Debug|x64
		{89D9E337-C86B-4454-A549-16189E2FC85F}.Debug|x64.ActiveCfg = Debug|x64
		{89D9E337-C86B-4454-A549-16189E2FC85F}.Debug|x64.Build.0 = Debug|x64
		{89D9E337-C86B-4454-A549-16189E2FC85F}.Debug|x86.ActiveCfg = Debug|Win32
		{89D9E337-C86B-4454-A549-16189E2FC85F}.Debug|x86.Build.0 = Debug|Win32
		{89D9E337-C86B-4454-A549-16189E2FC85F}.Release|Any CPU.ActiveCfg = Release|x64
		{89D9E337-C86B-4454-A549-16189E2FC85F}.Release|Any CPU.Build.0 = Release|x64
		{89D9E337-C86B-4454-A549-16189E2FC85F}.Release|x64.ActiveCfg = Release|x64
		{89D9E337-C86B-4454-A549-16189E2FC85F}.Release|x64.Build.0 = Release|x64
		{89D9E337-C86B-4454-A549-16189E2FC85F}.Release|x86.ActiveCfg = Release|Win32
		{89D9E337-C86B-4454-A549-16189E2FC85F}.Release|x86.Build.0 = Release|Win32
		{80ECF621-47CC-416A-8EE4-C2CE198132E9}.Debug|Any CPU.ActiveCfg = Debug|x64
		{80ECF621-47CC-416A-8EE4-C2CE198132E9}.Debug|Any CPU.Build.0 = Debug|x64
		{80ECF621-47CC-416A-8EE4-C2CE198132E9}.Debug|x64.ActiveCfg = Debug|x64
		{80ECF621-47CC-416A-8EE4-C2CE198132E9}.Debug|x64.Build.0 = Debug|x64
		{80ECF621-47CC-416A-8EE4-C2CE198132E9}.Debug|x86.ActiveCfg = Debug|Win32
		{80ECF621-47CC-416A-8EE4-C2CE198132E9}.Debug|x86.Build.0 = Debug|Win32
		{80ECF621-47CC-416A-8EE4-C2CE198132E9}.Release|Any CPU.ActiveCfg = Release|x64
		{80ECF621-47CC-416A-8EE4-C2CE198132E9}.Release|Any CPU.Build.0 = Release|x64
		{80ECF621-47CC-416A-8EE4-C2CE198132E9}.Release|x64.ActiveCfg = Release|x64
		{80ECF621-47CC-416A-8EE4-C2CE198132E9}.Release|x64.Build.0 = Release|x64
		{80ECF621-47CC-416A-8EE4-C2CE198132E9}.Release|x86.ActiveCfg = Release|Win32
		{80ECF621-47CC-416A-8EE4-C2CE198132E9}.Release|x86.Build.0 = Release|Win32
		{6195F6C7-25E2-45BF-B35F-015B1A7DF938}.Debug|Any CPU.ActiveCfg = Debug|x64
		{6195F6C7-25E2-45BF-B35F-015B1A7DF938}.Debug|Any CPU.Build.0 = Debug|x64
		{6195F6C7-25E2-45BF-B35F-015B1A7DF938}.Debug|x64.ActiveCfg = Debug|x64
		{6195F6C7-25E2-45BF-B35F-015B1A7DF938}.Debug|x64.Build.0 = Debug|x64
		{6195F6C7-25E2-45BF-B35F-015B1A7DF938}.Debug|x86.ActiveCfg = Debug|Win32
		{6195F6C7-25E2-45BF-B35F-015B1A7DF938}.Debug|x86.Build.0 = Debug|Win32
		{6195F6C7-25E2-45BF-B35F-015B1A7DF938}.Release|Any CPU.ActiveCfg = Release|x64
		{6195F6C7-25E2-45BF-B35F-015B1A7DF938}.Release|Any CPU.Build.0 = Release|x64
		{6195F6C7-25E2-45BF-B35F-015B1A7DF938}.Release|x64.ActiveCfg = Release|x64
		{6195F6C7-25E2-45BF-B35F-015B1A7DF938}.Release|x64.Build.0 = Release|x64
		{6195F6C7-25E2-45BF-B35F-015B1A7DF938}.Release|x86.ActiveCfg = Release|Win32
		{6195F6C7-25E2-45BF-B35F-015B1A7DF938}.Release|x86.Build.0 = Release|Win32
		{9B33AEE6-78E9-46EB-AC7A-70BD902F2343}.Debug|Any CPU.ActiveCfg = Debug|x64
		{9B33AEE6-78E9-46EB-AC7A-70BD902F2343}.Debug|Any CPU.Build.0 = Debug|x64
		{9B33AEE6-78E9-46EB-AC7A-70BD902F2343}.Debug|x64.ActiveCfg = Debug|x64
		{9B33AEE6-78E9-46EB-AC7A-70BD902F2343}.Debug|x64.Build.0 = Debug|x64
		{9B33AEE6-78E9-46EB-AC7A-70BD902F2343}.Debug|x86.ActiveCfg = Debug|Win32
		{9B33AEE6-78E9-46EB-AC7A-70BD902F2343}.Debug|x86.Build.0 = Debug|Win32
		{9B33AEE6-78E9-46EB-AC7A-70BD902F2343}.Release|Any CPU.ActiveCfg = Release|x64
		{9B33AEE6-78E9-46EB-AC7A-70BD902F2343}.Release|Any CPU.Build.0 = Release|x64
		{9B33AEE6-78E9-46EB-AC7A-70BD902F2343}.Release|x64.ActiveCfg = Release|x64
		{9B33AEE6-78E9-46EB-AC7A-70BD902F2343}.Release|x64.Build.0 = Release|x64
		{9B33AEE6-78E9-46EB-AC7A-70BD902F2343}.Release|x86.ActiveCfg = Release|Win32
		{9B33AEE6-78E9-46EB-AC7A-70BD902F2343}.Release|x86.Build.0 = Release|Win32
		{C2079D7E-3763-47FF-9B1C-6462B2D1BB5D}.Debug|Any CPU.ActiveCfg = Debug|x64
		{C2079D7E-3763-47FF-9B1C-6462B2D1BB5D}.Debug|Any CPU.Build.0 = Debug|x64
		{C2079D7E-3763-47FF-9B1C-6462B2D1BB5D}.Debug|x64.ActiveCfg = Debug|x64
		{C2079D7E-3763-47FF-9B1C-6462B2D1BB5D}.Debug|x64.Build.0 = Debug|x64
		{C2079D7E-3763-47FF-9B1C-6462B2D1BB5D}.Debug|x86.ActiveCfg = Debug|Win32
		{C2079D7E-3763-47FF-9B1C-6462B2D1BB5D}.Debug|x86.Build.0 = Debug|Win32
		{C2079D7E-3763-47FF-9B1C-6462B2D1BB5D}.Release|Any CPU.ActiveCfg = Release|x64
		{C2079D7E-3763-47FF-9B1C-6462B2D1BB5D}.Release|Any CPU.Build.0 = Release|x64
		{C2079D7E-3763-47FF-9B1C-6462B2D1BB5D}.Release|x64.ActiveCfg = Release|x64
		{C2079D7E-3763-47FF-9B1C-6462B2D1BB5D}.Release|x64.Build.0 = Release|x64
		{C2079D7E-3763-47FF-9B1C-6462B2D1BB5D}.Release|x86.ActiveCfg = Release|Win32
		{C2079D7E-3763-47FF-9B1C-6462B2D1BB5D}.Release|x86.Build.0 = Release|Win32
		{7E73FCD3-313F-4FF6-81DD-35E3BF159B63}.Debug|Any CPU.ActiveCfg = Debug|x64
		{7E73FCD3-313F-4FF6-81DD-35E3BF159B63}.Debug|Any CPU.Build.0 = Debug|x64
		{7E73FCD3-313F-4FF6-81DD-35E3BF159B63}.Debug|x64.ActiveCfg = Debug|x64
		{7E73FCD3-313F-4FF6-81DD-35E3BF159B63}.Debug|x64.Build.0 = Debug|x64
		{7E73FCD3-313F-4FF6-81DD-35E3BF159B63}.Debug|x86.ActiveCfg = Debug|Win32
		{7E73FCD3-313F-4FF6-81DD-35E3BF159B63}.Debug|x86.Build.0 = Debug|Win32
		{7E73FCD3-313F-4FF6-81DD-35E3BF159B63}.Release|Any CPU.ActiveCfg = Release|x64
		{7E73FCD3-313F-4FF6-81DD-35E3BF159B63}.Release|Any CPU.Build.0 = Release|x64
		{7E73FCD3-313F-4FF6-81DD-35E3BF159B63}.Release|x64.ActiveCfg = Release|x64
		{7E73FCD3-313F-4FF6-81DD-35E3BF159B63}.Release|x64.Build.0 = Release|x64
		{7E73FCD3-313F-4FF6-81DD-35E3BF159B63}.Release|x86.ActiveCfg = Release|Win32
		{7E73FCD3-313F-4FF6-81DD-35E3BF159B63}.Release|x86.Build.0 = Release|Win32
		{E4975FB3-40F8-4F82-9E40-7A484F475476}.Debug|Any CPU.ActiveCfg = Debug|x64
		{E4975FB3-40F8-4F82-9E40-7A484F475476}.Debug|Any CPU.Build.0 = Debug|x64
		{E4975FB3-40F8-4F82-9E40-7A484F475476}.Debug|x64.ActiveCfg = Debug|x64
		{E4975FB3-40F8-4F82-9E40-7A484F475476}.Debug|x64.Build.0 = Debug|x64
		{E4975FB3-40F8-4F82-9E40-7A484F475476}.Debug|x86.ActiveCfg = Debug|Win32
		{E4975FB3-40F8-4F82-9E40-7A484F475476}.Debug|x86.Build.0 = Debug|Win32
		{E4975FB3-40F8-4F82-9E40-7A484F475476}.Release|Any CPU.ActiveCfg = Release|x64
		{E4975FB3-40F8-4F82-9E40-7A484F475476}.Release|Any CPU.Build.0 = Release|x64
		{E4975FB3-40F8-4F82-9E40-7A484F475476}.Release|x64.ActiveCfg = Release|x64
		{E4975FB3-40F8-4F82-9E40-7A484F475476}.Release|x64.Build.0 = Release|x64
		{E4975FB3-40F8-4F82-9E40-7A484F475476}.Release|x86.ActiveCfg = Release|Win32
		{E4975FB3-40F8-4F82-9E40-7A484F475476}.Release|x86.Build.0 = Release|Win32
		{7BE2FEDF-83DC-4C38-B64B-5D69E07BFF8F}.Debug|Any CPU.ActiveCfg = Debug|x64
		{7BE2FEDF-83DC-4C38-B64B-5D69E07BFF8F}.Debug|Any CPU.Build.0 = Debug|x64
		{7BE2FEDF-83DC-4C38-B64B-5D69E07BFF8F}.Debug|x64.ActiveCfg = Debug|x64
		{7BE2FEDF-83DC-4C38-B64B-5D69E07BFF8F}.Debug|x64.Build.0 = Debug|x64
		{7BE2FEDF-83DC-4C38-B64B-5D69E07BFF8F}.Debug|x86.ActiveCfg = Debug|Win32
		{7BE2FEDF-83DC-4C38-B64B-5D69E07BFF8F}.Debug|x86.Build.0 = Debug|Win32
		{7BE2FEDF-83DC-4C38-B64B-5D69E07BFF8F}.Release|Any CPU.ActiveCfg = Release|x64
		{7BE2FEDF-83DC-4C38-B64B-5D69E07BFF8F}.Release|Any CPU.Build.0 = Release|x64
		{7BE2FEDF-83DC-4C38-B64B-5D69E07BFF8F}.Release|x64.ActiveCfg = Release|x64
		{7BE2FEDF-83DC-4C38-B64B-5D69E07BFF8F}.Release|x64.Build.0 = Release|x64
		{7BE2FEDF-83DC-4C38-B64B-5D69E07BFF8F}.Release|x86.ActiveCfg = Release|Win32
		{7BE2FEDF-83DC-4C38-B64B-5D69E07BFF8F}.Release|x86.Build.0 = Release|Win32
		{1770C79E-2EB7-44EE-B707-171991629E0A}.Debug|Any CPU.ActiveCfg = Debug|x64
		{1770C79E-2EB7-44EE-B707-171991629E0A}.Debug|Any CPU.Build.0 = Debug|x64
		{1770C79E-2EB7-44EE-B707-171991629E0A}.Debug|x64.ActiveCfg = Debug|x64
		{1770C79E-2EB7-44EE-B707-171991629E0A}.Debug|x64.Build.0 = Debug|x64
		{1770C79E-2EB7-44EE-B707-171991629E0A}.Debug|x86.ActiveCfg = Debug|Win32
		{1770C79E-2EB7-44EE-B707-171991629E0A}.Debug|x86.Build.0 = Debug|Win32
		{1770C79E-2EB7-44EE-B707-171991629E0A}.Release|Any CPU.ActiveCfg = Release|x64
		{1770C79E-2EB7-44EE-B707-171991629E0A}.Release|Any CPU.Build.0 = Release|x64
		{1770C79E-2EB7-44EE-B707-171991629E0A}.Release|x64.ActiveCfg = Release|x64
		{1770C79E-2EB7-44EE-B707-171991629E0A}.Release|x64.Build.0 = Release|x64
		{1770C79E-2EB7-44EE-B707-171991629E0A}.Release|x86.ActiveCfg = Release|Win32
		{1770C79E-2EB7-44EE-B707-171991629E0A}.Release|x86.Build.0 = Release|Win32
		{6D6BF69D-0F07-4E37-82F6-170F2A91A53F}.Debug|Any CPU.ActiveCfg = Debug|x64
		{6D6BF69D-0F07-4E37-82F6-170F2A91A53F}.Debug|Any CPU.Build.0 = Debug|x64
		{6D6BF69D-0F07-4E37-82F6-170F2A91A53F}.Debug|x64.ActiveCfg = Debug|x64
		{6D6BF69D-0F07-4E37-82F6-170F2A91A53F}.Debug|x64.Build.0 = Debug|x64
		{6D6BF69D-0F07-4E37-82F6-170F2A91A53F}.Debug|x86.ActiveCfg = Debug|Win32
		{6D6BF69D-0F07-4E37-82F6-170F2A91A53F}.Debug|x86.Build.0 = Debug|Win32
		{6D6BF69D-0F07-4E37-82F6-170F2A91A53F}.Release|Any CPU.ActiveCfg = Release|x64
		{6D6BF69D-0F07-4E37-82F6-170F2A91A53F}.Release|Any CPU.Build.0 = Release|x64
		{6D6BF69D-0F07-4E37-82F6-170F2A91A53F}.Release|x64.ActiveCfg = Release|x64
		{6D6BF69D-0F07-4E37-82F6-170F2A91A53F}.Release|x64.Build.0 = Release|x64
		{6D6BF69D-0F07-4E37-82F6-170F2A91A53F}.Release|x86.ActiveCfg = Release|Win32
		{6D6BF69D-0F07-4E37-82F6-170F2A91A53F}.Release|x86.Build.0 = Release|Win32
		{09CF8C9C-D132-4143-B3D9-494B00080AAA}.Debug|Any CPU.ActiveCfg = Debug|x64
		{09CF8C9C-D132-4143-B3D9-494B00080AAA}.Debug|Any CPU.Build.0 = Debug|x64
		{09CF8C9C-D132-4143-B3D9-494B00080AAA}.Debug|x64.ActiveCfg = Debug|x64
		{09CF8C9C-D132-4143-B3D9-494B00080AAA}.Debug|x64.Build.0 = Debug|x64
		{09CF8C9C-D132-4143-B3D9-494B00080AAA}.Debug|x86.ActiveCfg = Debug|Win32
		{09CF8C9C-D132-4143-B3D9-494B00080AAA}.Debug|x86.Build.0 = Debug|Win32
		{09CF8C9C-D132-4143-B3D9-494B00080AAA}.Release|Any CPU.ActiveCfg = Release|x64
		{09CF8C9C-D132-4143-B3D9-494B00080AAA}.Release|Any CPU.Build.0 = Release|x64
		{09CF8C9C-D132-4143-B3D9-494B00080AAA}.Release|x64.ActiveCfg = Release|x64
		{09CF8C9C-D132-4143-B3D9-494B00080AAA}.Release|x64.Build.0 = Release|x64
		{09CF8C9C-D132-4143-B3D9-494B00080AAA}.Release|x86.ActiveCfg = Release|Win32
		{09CF8C9C-D132-4143-B3D9-494B00080AAA}.Release|x86.Build.0 = Release|Win32
		{5F3B3A41-DB3E-426C-91C0-79E0B5FFD28C}.Debug|Any CPU.ActiveCfg = Debug|x64
		{5F3B3A41-DB3E-426C-91C0-79E0B5FFD28C}.Debug|Any CPU.Build.0 = Debug|x64
		{5F3B3A41-DB3E-426C-91C0-79E0B5FFD28C}.Debug|x64.ActiveCfg = Debug|x64
		{5F3B3A41-DB3E-426C-91C0-79E0B5FFD28C}.Debug|x64.Build.0 = Debug|x64
		{5F3B3A41-DB3E-426C-91C0-79E0B5FFD28C}.Debug|x86.ActiveCfg = Debug|Win32
		{5F3B3A41-DB3E-426C-91C0-79E0B5FFD28C}.Debug|x86.Build.0 = Debug|Win32
		{5F3B3A41-DB3E-426C-91C0-79E0B5FFD28C}.Release|Any CPU.ActiveCfg = Release|x64
		{5F3B3A41-DB3E-426C-91C0-79E0B5FFD28C}.Release|Any CPU.Build.0 = Release|x64
		{5F3B3A41-DB3E-426C-91C0-79E0B5FFD28C}.Release|x64.ActiveCfg = Release|x64
		{5F3B3A41-DB3E-426C-91C0-79E0B5FFD28C}.Release|x64.Build.0 = Release|x64
		{5F3B3A41-DB3E-426C-91C0-79E0B5FFD28C}.Release|x86.ActiveCfg = Release|Win32
		{5F3B3A41-DB3E-426C-91C0-79E0B5FFD28C}.Release|x86.Build.0 = Release|Win32
		{B224376A-92DD-4F98-ADB6-8CA2AE3BBB15}.Debug|Any CPU.ActiveCfg = Debug|x64
		{B224376A-92DD-4F98-ADB6-8CA2AE3BBB15}.Debug|Any CPU.Build.0 = Debug|x64
		{B224376A-92DD-4F98-ADB6-8CA2AE3BBB15}.Debug|x64.ActiveCfg = Debug|x64
		{B224376A-92DD-4F98-ADB6-8CA2AE3BBB15}.Debug|x64.Build.0 = Debug|x64
		{B224376A-92DD-4F98-ADB6-8CA2AE3BBB15}.Debug|x86.ActiveCfg = Debug|Win32
		{B224376A-92DD-4F98-ADB6-8CA2AE3BBB15}.Debug|x86.Build.0 = Debug|Win32
		{B224376A-92DD-4F98-ADB6-8CA2AE3BBB15}.Release|Any CPU.ActiveCfg = Release|x64
		{B224376A-92DD-4F98-ADB6-8CA2AE3BBB15}.Release|Any CPU.Build.0 = Release|x64
		{B224376A-92DD-4F98-ADB6-8CA2AE3BBB15}.Release|x64.ActiveCfg = Release|x64
		{B224376A-92DD-4F98-ADB6-8CA2AE3BBB15}.Release|x64.Build.0 = Release|x64
		{B224376A-92DD-4F98-ADB6-8CA2AE3BBB15}.Release|x86.ActiveCfg = Release|Win32
		{B224376A-92DD-4F98-ADB6-8CA2AE3BBB15}.Release|x86.Build.0 = Release|Win32
		{47760845-093F-4D63-8B36-E2C182703A02}.Debug|Any CPU.ActiveCfg = Debug|x64
		{47760845-093F-4D63-8B36-E2C182703A02}.Debug|Any CPU.Build.0 = Debug|x64
		{47760845-093F-4D63-8B36-E2C182703A02}.Debug|x64.ActiveCfg = Debug|x64
		{47760845-093F-4D63-8B36-E2C182703A02}.Debug|x64.Build.0 = Debug|x64
		{47760845-093F-4D63-8B36-E2C182703A02}.Debug|x86.ActiveCfg = Debug|Win32
		{47760845-093F-4D63-8B36-E2C182703A02}.Debug|x86.Build.0 = Debug|Win32
		{47760845-093F-4D63-8B36-E2C182703A02}.Release|Any CPU.ActiveCfg = Release|x64
		{47760845-093F-4D63-8B36-E2C182703A02}.Release|Any CPU.Build.0 = Release|x64
		{47760845-093F-4D63-8B36-E2C182703A02}.Release|x64.ActiveCfg = Release|x64
		{47760845-093F-4D63-8B36-E2C182703A02}.Release|x64.Build.0 = Release|x64
		{47760845-093F-4D63-8B36-E2C182703A02}.Release|x86.ActiveCfg = Release|Win32
		{47760845-093F-4D63-8B36-E2C182703A02}.Release|x86.Build.0 = Release|Win32
		{D6F4BD06-3B4F-4B9E-9ADC-F4CB44D685C4}.Debug|Any CPU.ActiveCfg = Debug|x64
		{D6F4BD06-3B4F-4B9E-9ADC-F4CB44D685C4}.Debug|Any CPU.Build.0 = Debug|x64
		{D6F4BD06-3B4F-4B9E-9ADC-F4CB44D685C4}.Debug|x64.ActiveCfg = Debug|x64
		{D6F4BD06-3B4F-4B9E-9ADC-F4CB44D685C4}.Debug|x64.Build.0 = Debug|x64
		{D6F4BD06-3B4F-4B9E-9ADC-F4CB44D685C4}.Debug|x86.ActiveCfg = Debug|Win32
		{D6F4BD06-3B4F-4B9E-9ADC-F4CB44D685C4}.Debug|x86.Build.0 = Debug|Win32
		{D6F4BD06-3B4F-4B9E-9ADC-F4CB44D685C4}.Release|Any CPU.ActiveCfg = Release|x64
		{D6F4BD06-3B4F-4B9E-9ADC-F4CB44D685C4}.Release|Any CPU.Build.0 = Release|x64
		{D6F4BD06-3B4F-4B9E-9ADC-F4CB44D685C4}.Release|x64.ActiveCfg = Release|x64
		{D6F4BD06-3B4F-4B9E-9ADC-F4CB44D685C4}.Release|x64.Build.0 = Release|x64
		{D6F4BD06-3B4F-4B9E-9ADC-F4CB44D685C4}.Release|x86.ActiveCfg = Release|Win32
		{D6F4BD06-3B4F-4B9E-9ADC-F4CB44D685C4}.Release|x86.Build.0 = Release|Win32
		{412640B6-BD12-4A38-B79F-3EABB9D53588}.Debug|Any CPU.ActiveCfg = Debug|x64
		{412640B6-BD12-4A38-B79F-3EABB9D53588}.Debug|Any CPU.Build.0 = Debug|x64
		{412640B6-BD12-4A38-B79F-3EABB9D53588}.Debug|x64.ActiveCfg = Debug|x64
		{412640B6-BD12-4A38-B79F-3EABB9D53588}.Debug|x64.Build.0 = Debug|x64
		{412640B6-BD12-4A38-B79F-3EABB9D53588}.Debug|x86.ActiveCfg = Debug|Win32
		{412640B6-BD12-4A38-B79F-3EABB9D53588}.Debug|x86.Build.0 = Debug|Win32
		{412640B6-BD12-4A38-B79F-3EABB9D53588}.Release|Any CPU.ActiveCfg = Release|x64
		{412640B6-BD12-4A38-B79F-3EABB9D53588}.Release|Any CPU.Build.0 = Release|x64
		{412640B6-BD12-4A38-B79F-3EABB9D53588}.Release|x64.ActiveCfg = Release|x64
		{412640B6-BD12-4A38-B79F-3EABB9D53588}.Release|x64.Build.0 = Release|x64
		{412640B6-BD12-4A38-B79F-3EABB9D53588}.Release|x86.ActiveCfg = Release|Win32
		{412640B6-BD12-4A38-B79F-3EABB9D53588}.Release|x86.Build.0 = Release|Win32
		{B76DD9AC-3F21-47DA-8B6A-15BC0D3A545E}.Debug|Any CPU.ActiveCfg = Debug|x64
		{B76DD9AC-3F21-47DA-8B6A-15BC0D3A545E}.Debug|Any CPU.Build.0 = Debug|x64
		{B76DD9AC-3F21-47DA-8B6A-15BC0D3A545E}.Debug|x64.ActiveCfg = Debug|x64
		{B76DD9AC-3F21-47DA-8B6A-15BC0D3A545E}.Debug|x64.Build.0 = Debug|x64
		{B76DD9AC-3F21-47DA-8B6A-15BC0D3A545E}.Debug|x86.ActiveCfg = Debug|Win32
		{B76DD9AC-3F21-47DA-8B6A-15BC0D3A545E}.Debug|x86.Build.0 = Debug|Win32
		{B76DD9AC-3F21-47DA-8B6A-15BC0D3A545E}.Release|Any CPU.ActiveCfg = Release|x64
		{B76DD9AC-3F21-47DA-8B6A-15BC0D3A545E}.Release|Any CPU.Build.0 = Release|x64
		{B76DD9AC-3F21-47DA-8B6A-15BC0D3A545E}.Release|x64.ActiveCfg = Release|x64
		{B76DD9AC-3F21-47DA-8B6A-15BC0D3A545E}.Release|x64.Build.0 = Release|x64
		{B76DD9AC-3F21-47DA-8B6A-15BC0D3A545E}.Release|x86.ActiveCfg = Release|Win32
		{B76DD9AC-3F21-47DA-8B6A-15BC0D3A545E}.Release|x86.Build.0 = Release|Win32
		{B49DF854-33FC-4CA7-A744-3ABE42D9D83A}.Debug|Any CPU.ActiveCfg = Debug|x64
		{B49DF854-33FC-4CA7-A744-3ABE42D9D83A}.Debug|Any CPU.Build.0 = Debug|x64
		{B49DF854-33FC-4CA7-A744-3ABE42D9D83A}.Debug|x64.ActiveCfg = Debug|x64
		{B49DF854-33FC-4CA7-A744-3ABE42D9D83A}.Debug|x64.Build.0 = Debug|x64
		{B49DF854-33FC-4CA7-A744-3ABE42D9D83A}.Debug|x86.ActiveCfg = Debug|Win32
		{B49DF854-33FC-4CA7-A744-3ABE42D9D83A}.Debug|x86.Build.0 = Debug|Win32
		{B49DF854-33FC-4CA7-A744-3ABE42D9D83A}.Release|Any CPU.ActiveCfg = Release|x64
		{B49DF854-33FC-4CA7-A744-3ABE42D9D83A}.Release|Any CPU.Build.0 = Release|x64
		{B49DF854-33FC-4CA7-A744-3ABE42D9D83A}.Release|x64.ActiveCfg = Release|x64
		{B49DF854-33FC-4CA7-A744-3ABE42D9D83A}.Release|x64.Build.0 = Release|x64
		{B49DF854-33FC-4CA7-A744-3ABE42D9D83A}.Release|x86.ActiveCfg = Release|Win32
		{B49DF854-33FC-4CA7-A744-3ABE42D9D83A}.Release|x86.Build.0 = Release|Win32
		{4B112C93-CA8C-445B-97D0-FCB9A26C2319}.Debug|Any CPU.ActiveCfg = Debug|x64
		{4B112C93-CA8C-445B-97D0-FCB9A26C2319}.Debug|Any CPU.Build.0 = Debug|x64
		{4B112C93-CA8C-445B-97D0-FCB9A26C2319}.Debug|x64.ActiveCfg = Debug|x64
		{4B112C93-CA8C-445B-97D0-FCB9A26C2319}.Debug|x64.Build.0 = Debug|x64
		{4B112C93-CA8C-445B-97D0-FCB9A26C2319}.Debug|x86.ActiveCfg = Debug|Win32
		{4B112C93-CA8C-445B-97D0-FCB9A26C2319}.Debug|x86.Build.0 = Debug|Win32
		{4B112C93-CA8C-445B-97D0-FCB9A26C2319}.Release|Any CPU.ActiveCfg = Release|x64
		{4B112C93-CA8C-445B-97D0-FCB9A26C2319}.Release|Any CPU.Build.0 = Release|x64
		{4B112C93-CA8C-445B-97D0-FCB9A26C2319}.Release|x64.ActiveCfg = Release|x64
		{4B112C93-CA8C-445B-97D0-FCB9A26C2319}.Release|x64.Build.0 = Release|x64
		{4B112C93-CA8C-445B-97D0-FCB9A26C2319}.Release|x86.ActiveCfg = Release|Win32
		{4B112C93-CA8C-445B-97D0-FCB9A26C2319}.Release|x86.Build.0 = Release|Win32
		{32BB904C-6A63-425B-A3D9-5036E2955C86}.Debug|Any CPU.ActiveCfg = Debug|x64
		{32BB904C-6A63-425B-A3D9-5036E2955C86}.Debug|Any CPU.Build.0 = Debug|x64
		{32BB904C-6A63-425B-A3D9-5036E2955C86}.Debug|x64.ActiveCfg = Debug|x64
		{32BB904C-6A63-425B-A3D9-5036E2955C86}.Debug|x64.Build.0 = Debug|x64
		{32BB904C-6A63-425B-A3D9-5036E2955C86}.Debug|x86.ActiveCfg = Debug|Win32
		{32BB904C-6A63-425B-A3D9-5036E2955C86}.Debug|x86.Build.0 = Debug|Win32
		{32BB904C-6A63-425B-A3D9-5036E2955C86}.Release|Any CPU.ActiveCfg = Release|x64
		{32BB904C-6A63-425B-A3D9-5036E2955C86}.Release|Any CPU.Build.0 = Release|x64
		{32BB904C-6A63-425B-A3D9-5036E2955C86}.Release|x64.ActiveCfg = Release|x64
		{32BB904C-6A63-425B-A3D9-5036E2955C86}.Release|x64.Build.0 = Release|x64
		{32BB904C-6A63-425B-A3D9-5036E2955C86}.Release|x86.ActiveCfg = Release|Win32
		{32BB904C-6A63-425B-A3D9-5036E2955C86}.Release|x86.Build.0 = Release|Win32
		{E8A3B15A-D999-4F45-93FA-95869A81C7D1}.Debug|Any CPU.ActiveCfg = Debug|Any CPU
		{E8A3B15A-D999-4F45-93FA-95869A81C7D1}.Debug|Any CPU.Build.0 = Debug|Any CPU
		{E8A3B15A-D999-4F45-93FA-95869A81C7D1}.Debug|x64.ActiveCfg = Debug|Any CPU
		{E8A3B15A-D999-4F45-93FA-95869A81C7D1}.Debug|x64.Build.0 = Debug|Any CPU
		{E8A3B15A-D999-4F45-93FA-95869A81C7D1}.Debug|x86.ActiveCfg = Debug|Any CPU
		{E8A3B15A-D999-4F45-93FA-95869A81C7D1}.Debug|x86.Build.0 = Debug|Any CPU
		{E8A3B15A-D999-4F45-93FA-95869A81C7D1}.Release|Any CPU.ActiveCfg = Release|Any CPU
		{E8A3B15A-D999-4F45-93FA-95869A81C7D1}.Release|Any CPU.Build.0 = Release|Any CPU
		{E8A3B15A-D999-4F45-93FA-95869A81C7D1}.Release|x64.ActiveCfg = Release|Any CPU
		{E8A3B15A-D999-4F45-93FA-95869A81C7D1}.Release|x64.Build.0 = Release|Any CPU
		{E8A3B15A-D999-4F45-93FA-95869A81C7D1}.Release|x86.ActiveCfg = Release|Any CPU
		{E8A3B15A-D999-4F45-93FA-95869A81C7D1}.Release|x86.Build.0 = Release|Any CPU
		{F815FD62-FC97-4C9D-B7D0-7C5F66F19EC3}.Debug|Any CPU.ActiveCfg = Debug|Any CPU
		{F815FD62-FC97-4C9D-B7D0-7C5F66F19EC3}.Debug|Any CPU.Build.0 = Debug|Any CPU
		{F815FD62-FC97-4C9D-B7D0-7C5F66F19EC3}.Debug|x64.ActiveCfg = Debug|Any CPU
		{F815FD62-FC97-4C9D-B7D0-7C5F66F19EC3}.Debug|x64.Build.0 = Debug|Any CPU
		{F815FD62-FC97-4C9D-B7D0-7C5F66F19EC3}.Debug|x86.ActiveCfg = Debug|Any CPU
		{F815FD62-FC97-4C9D-B7D0-7C5F66F19EC3}.Debug|x86.Build.0 = Debug|Any CPU
		{F815FD62-FC97-4C9D-B7D0-7C5F66F19EC3}.Release|Any CPU.ActiveCfg = Release|Any CPU
		{F815FD62-FC97-4C9D-B7D0-7C5F66F19EC3}.Release|Any CPU.Build.0 = Release|Any CPU
		{F815FD62-FC97-4C9D-B7D0-7C5F66F19EC3}.Release|x64.ActiveCfg = Release|Any CPU
		{F815FD62-FC97-4C9D-B7D0-7C5F66F19EC3}.Release|x64.Build.0 = Release|Any CPU
		{F815FD62-FC97-4C9D-B7D0-7C5F66F19EC3}.Release|x86.ActiveCfg = Release|Any CPU
		{F815FD62-FC97-4C9D-B7D0-7C5F66F19EC3}.Release|x86.Build.0 = Release|Any CPU
		{406F3C4A-F191-4E6F-B37F-0BA4E6DAABAD}.Debug|Any CPU.ActiveCfg = Debug|Any CPU
		{406F3C4A-F191-4E6F-B37F-0BA4E6DAABAD}.Debug|Any CPU.Build.0 = Debug|Any CPU
		{406F3C4A-F191-4E6F-B37F-0BA4E6DAABAD}.Debug|x64.ActiveCfg = Debug|Any CPU
		{406F3C4A-F191-4E6F-B37F-0BA4E6DAABAD}.Debug|x64.Build.0 = Debug|Any CPU
		{406F3C4A-F191-4E6F-B37F-0BA4E6DAABAD}.Debug|x86.ActiveCfg = Debug|Any CPU
		{406F3C4A-F191-4E6F-B37F-0BA4E6DAABAD}.Debug|x86.Build.0 = Debug|Any CPU
		{406F3C4A-F191-4E6F-B37F-0BA4E6DAABAD}.Release|Any CPU.ActiveCfg = Release|Any CPU
		{406F3C4A-F191-4E6F-B37F-0BA4E6DAABAD}.Release|Any CPU.Build.0 = Release|Any CPU
		{406F3C4A-F191-4E6F-B37F-0BA4E6DAABAD}.Release|x64.ActiveCfg = Release|Any CPU
		{406F3C4A-F191-4E6F-B37F-0BA4E6DAABAD}.Release|x64.Build.0 = Release|Any CPU
		{406F3C4A-F191-4E6F-B37F-0BA4E6DAABAD}.Release|x86.ActiveCfg = Release|Any CPU
		{406F3C4A-F191-4E6F-B37F-0BA4E6DAABAD}.Release|x86.Build.0 = Release|Any CPU
		{7B08192E-854C-42E3-B1FF-408F4EF4F93A}.Debug|Any CPU.ActiveCfg = Debug|Any CPU
		{7B08192E-854C-42E3-B1FF-408F4EF4F93A}.Debug|Any CPU.Build.0 = Debug|Any CPU
		{7B08192E-854C-42E3-B1FF-408F4EF4F93A}.Debug|x64.ActiveCfg = Debug|Any CPU
		{7B08192E-854C-42E3-B1FF-408F4EF4F93A}.Debug|x64.Build.0 = Debug|Any CPU
		{7B08192E-854C-42E3-B1FF-408F4EF4F93A}.Debug|x86.ActiveCfg = Debug|Any CPU
		{7B08192E-854C-42E3-B1FF-408F4EF4F93A}.Debug|x86.Build.0 = Debug|Any CPU
		{7B08192E-854C-42E3-B1FF-408F4EF4F93A}.Release|Any CPU.ActiveCfg = Release|Any CPU
		{7B08192E-854C-42E3-B1FF-408F4EF4F93A}.Release|Any CPU.Build.0 = Release|Any CPU
		{7B08192E-854C-42E3-B1FF-408F4EF4F93A}.Release|x64.ActiveCfg = Release|Any CPU
		{7B08192E-854C-42E3-B1FF-408F4EF4F93A}.Release|x64.Build.0 = Release|Any CPU
		{7B08192E-854C-42E3-B1FF-408F4EF4F93A}.Release|x86.ActiveCfg = Release|Any CPU
		{7B08192E-854C-42E3-B1FF-408F4EF4F93A}.Release|x86.Build.0 = Release|Any CPU
		{4E0CA89E-5F07-4B9D-8785-0D669578B85B}.Debug|Any CPU.ActiveCfg = Debug|Any CPU
		{4E0CA89E-5F07-4B9D-8785-0D669578B85B}.Debug|Any CPU.Build.0 = Debug|Any CPU
		{4E0CA89E-5F07-4B9D-8785-0D669578B85B}.Debug|x64.ActiveCfg = Debug|Any CPU
		{4E0CA89E-5F07-4B9D-8785-0D669578B85B}.Debug|x64.Build.0 = Debug|Any CPU
		{4E0CA89E-5F07-4B9D-8785-0D669578B85B}.Debug|x86.ActiveCfg = Debug|Any CPU
		{4E0CA89E-5F07-4B9D-8785-0D669578B85B}.Debug|x86.Build.0 = Debug|Any CPU
		{4E0CA89E-5F07-4B9D-8785-0D669578B85B}.Release|Any CPU.ActiveCfg = Release|Any CPU
		{4E0CA89E-5F07-4B9D-8785-0D669578B85B}.Release|Any CPU.Build.0 = Release|Any CPU
		{4E0CA89E-5F07-4B9D-8785-0D669578B85B}.Release|x64.ActiveCfg = Release|Any CPU
		{4E0CA89E-5F07-4B9D-8785-0D669578B85B}.Release|x64.Build.0 = Release|Any CPU
		{4E0CA89E-5F07-4B9D-8785-0D669578B85B}.Release|x86.ActiveCfg = Release|Any CPU
		{4E0CA89E-5F07-4B9D-8785-0D669578B85B}.Release|x86.Build.0 = Release|Any CPU
		{439265C7-4116-45D5-A10B-A2736252BBA1}.Debug|Any CPU.ActiveCfg = Debug|Any CPU
		{439265C7-4116-45D5-A10B-A2736252BBA1}.Debug|Any CPU.Build.0 = Debug|Any CPU
		{439265C7-4116-45D5-A10B-A2736252BBA1}.Debug|x64.ActiveCfg = Debug|Any CPU
		{439265C7-4116-45D5-A10B-A2736252BBA1}.Debug|x64.Build.0 = Debug|Any CPU
		{439265C7-4116-45D5-A10B-A2736252BBA1}.Debug|x86.ActiveCfg = Debug|Any CPU
		{439265C7-4116-45D5-A10B-A2736252BBA1}.Debug|x86.Build.0 = Debug|Any CPU
		{439265C7-4116-45D5-A10B-A2736252BBA1}.Release|Any CPU.ActiveCfg = Release|Any CPU
		{439265C7-4116-45D5-A10B-A2736252BBA1}.Release|Any CPU.Build.0 = Release|Any CPU
		{439265C7-4116-45D5-A10B-A2736252BBA1}.Release|x64.ActiveCfg = Release|Any CPU
		{439265C7-4116-45D5-A10B-A2736252BBA1}.Release|x64.Build.0 = Release|Any CPU
		{439265C7-4116-45D5-A10B-A2736252BBA1}.Release|x86.ActiveCfg = Release|Any CPU
		{439265C7-4116-45D5-A10B-A2736252BBA1}.Release|x86.Build.0 = Release|Any CPU
		{66066A11-0CE4-4623-8187-09B2C08BCE89}.Debug|Any CPU.ActiveCfg = Debug|Any CPU
		{66066A11-0CE4-4623-8187-09B2C08BCE89}.Debug|Any CPU.Build.0 = Debug|Any CPU
		{66066A11-0CE4-4623-8187-09B2C08BCE89}.Debug|x64.ActiveCfg = Debug|Any CPU
		{66066A11-0CE4-4623-8187-09B2C08BCE89}.Debug|x64.Build.0 = Debug|Any CPU
		{66066A11-0CE4-4623-8187-09B2C08BCE89}.Debug|x86.ActiveCfg = Debug|Any CPU
		{66066A11-0CE4-4623-8187-09B2C08BCE89}.Debug|x86.Build.0 = Debug|Any CPU
		{66066A11-0CE4-4623-8187-09B2C08BCE89}.Release|Any CPU.ActiveCfg = Release|Any CPU
		{66066A11-0CE4-4623-8187-09B2C08BCE89}.Release|Any CPU.Build.0 = Release|Any CPU
		{66066A11-0CE4-4623-8187-09B2C08BCE89}.Release|x64.ActiveCfg = Release|Any CPU
		{66066A11-0CE4-4623-8187-09B2C08BCE89}.Release|x64.Build.0 = Release|Any CPU
		{66066A11-0CE4-4623-8187-09B2C08BCE89}.Release|x86.ActiveCfg = Release|Any CPU
		{66066A11-0CE4-4623-8187-09B2C08BCE89}.Release|x86.Build.0 = Release|Any CPU
	EndGlobalSection
	GlobalSection(SolutionProperties) = preSolution
		HideSolutionNode = FALSE
	EndGlobalSection
	GlobalSection(NestedProjects) = preSolution
		{112F0E4F-0AB9-45F7-BEA0-E0FB9762B45E} = {05CDD238-989E-4867-961F-3304432D1391}
		{DC1CA54E-9138-4BDE-BDEC-010EB18DF65D} = {05CDD238-989E-4867-961F-3304432D1391}
		{05CDD238-989E-4867-961F-3304432D1391} = {3B80D749-1F30-468E-A5D1-637FAA1E9919}
		{0869C024-F219-489F-BBBD-5B0189A3D09E} = {3B80D749-1F30-468E-A5D1-637FAA1E9919}
		{4D2A79C5-94C4-4FF1-9709-69608CC70E06} = {0869C024-F219-489F-BBBD-5B0189A3D09E}
		{89D9E337-C86B-4454-A549-16189E2FC85F} = {0869C024-F219-489F-BBBD-5B0189A3D09E}
		{80ECF621-47CC-416A-8EE4-C2CE198132E9} = {0869C024-F219-489F-BBBD-5B0189A3D09E}
		{6195F6C7-25E2-45BF-B35F-015B1A7DF938} = {0869C024-F219-489F-BBBD-5B0189A3D09E}
		{5AD7F602-049D-40CD-ABF1-17F592563097} = {3B80D749-1F30-468E-A5D1-637FAA1E9919}
		{9B33AEE6-78E9-46EB-AC7A-70BD902F2343} = {5AD7F602-049D-40CD-ABF1-17F592563097}
		{C2079D7E-3763-47FF-9B1C-6462B2D1BB5D} = {5AD7F602-049D-40CD-ABF1-17F592563097}
		{BB50E292-43EF-4247-9E46-E31F5A7A6600} = {3B80D749-1F30-468E-A5D1-637FAA1E9919}
		{7E73FCD3-313F-4FF6-81DD-35E3BF159B63} = {BB50E292-43EF-4247-9E46-E31F5A7A6600}
		{E4975FB3-40F8-4F82-9E40-7A484F475476} = {BB50E292-43EF-4247-9E46-E31F5A7A6600}
		{514C5D1F-F79E-4F4D-BDC6-94FE323D7E66} = {3B80D749-1F30-468E-A5D1-637FAA1E9919}
		{7BE2FEDF-83DC-4C38-B64B-5D69E07BFF8F} = {514C5D1F-F79E-4F4D-BDC6-94FE323D7E66}
		{B77D6FA5-D0E8-4091-A223-C33700CB8F1A} = {3B80D749-1F30-468E-A5D1-637FAA1E9919}
		{1770C79E-2EB7-44EE-B707-171991629E0A} = {B77D6FA5-D0E8-4091-A223-C33700CB8F1A}
		{6D6BF69D-0F07-4E37-82F6-170F2A91A53F} = {B77D6FA5-D0E8-4091-A223-C33700CB8F1A}
		{09CF8C9C-D132-4143-B3D9-494B00080AAA} = {B77D6FA5-D0E8-4091-A223-C33700CB8F1A}
		{5F3B3A41-DB3E-426C-91C0-79E0B5FFD28C} = {B77D6FA5-D0E8-4091-A223-C33700CB8F1A}
		{B224376A-92DD-4F98-ADB6-8CA2AE3BBB15} = {7F31EFEE-89F3-4A65-BD8A-20D26AFFD464}
		{7F31EFEE-89F3-4A65-BD8A-20D26AFFD464} = {0470C656-BEBB-4107-94FD-47E0238BE5D4}
		{A9241C67-565D-4BE9-B6CD-9E6341188ECB} = {0470C656-BEBB-4107-94FD-47E0238BE5D4}
		{47760845-093F-4D63-8B36-E2C182703A02} = {A9241C67-565D-4BE9-B6CD-9E6341188ECB}
		{D6F4BD06-3B4F-4B9E-9ADC-F4CB44D685C4} = {A9241C67-565D-4BE9-B6CD-9E6341188ECB}
		{412640B6-BD12-4A38-B79F-3EABB9D53588} = {A9241C67-565D-4BE9-B6CD-9E6341188ECB}
		{B76DD9AC-3F21-47DA-8B6A-15BC0D3A545E} = {A9241C67-565D-4BE9-B6CD-9E6341188ECB}
		{B49DF854-33FC-4CA7-A744-3ABE42D9D83A} = {A9241C67-565D-4BE9-B6CD-9E6341188ECB}
		{4B112C93-CA8C-445B-97D0-FCB9A26C2319} = {A61D20F2-0D13-4DAC-9379-01EA8B442A66}
		{32BB904C-6A63-425B-A3D9-5036E2955C86} = {A61D20F2-0D13-4DAC-9379-01EA8B442A66}
		{E8A3B15A-D999-4F45-93FA-95869A81C7D1} = {02EA681E-C7D8-13C7-8484-4AC65E1B71E8}
		{F815FD62-FC97-4C9D-B7D0-7C5F66F19EC3} = {02EA681E-C7D8-13C7-8484-4AC65E1B71E8}
		{406F3C4A-F191-4E6F-B37F-0BA4E6DAABAD} = {02EA681E-C7D8-13C7-8484-4AC65E1B71E8}
		{7B08192E-854C-42E3-B1FF-408F4EF4F93A} = {02EA681E-C7D8-13C7-8484-4AC65E1B71E8}
		{4E0CA89E-5F07-4B9D-8785-0D669578B85B} = {02EA681E-C7D8-13C7-8484-4AC65E1B71E8}
		{439265C7-4116-45D5-A10B-A2736252BBA1} = {02EA681E-C7D8-13C7-8484-4AC65E1B71E8}
		{66066A11-0CE4-4623-8187-09B2C08BCE89} = {02EA681E-C7D8-13C7-8484-4AC65E1B71E8}
	EndGlobalSection
	GlobalSection(ExtensibilityGlobals) = postSolution
		SolutionGuid = {BFFC169A-C1FA-42E0-95B0-A293D1F95573}
	EndGlobalSection
EndGlobal
